// !$*UTF8*$!
{
	archiveVersion = 1;
	classes = {
	};
	objectVersion = 48;
	objects = {

/* Begin PBXBuildFile section */
		EE2A58F01F829DE600C9134E /* AppDelegate.swift in Sources */ = {isa = PBXBuildFile; fileRef = EE2A58EF1F829DE600C9134E /* AppDelegate.swift */; };
		EE2A58F21F829DE600C9134E /* HomeViewController.swift in Sources */ = {isa = PBXBuildFile; fileRef = EE2A58F11F829DE600C9134E /* HomeViewController.swift */; };
		EE2A58F51F829DE600C9134E /* Main.storyboard in Resources */ = {isa = PBXBuildFile; fileRef = EE2A58F31F829DE600C9134E /* Main.storyboard */; };
		EE2A58F81F829DE600C9134E /* TrackMe.xcdatamodeld in Sources */ = {isa = PBXBuildFile; fileRef = EE2A58F61F829DE600C9134E /* TrackMe.xcdatamodeld */; };
		EE2A58FA1F829DE600C9134E /* Assets.xcassets in Resources */ = {isa = PBXBuildFile; fileRef = EE2A58F91F829DE600C9134E /* Assets.xcassets */; };
		EE2A58FD1F829DE600C9134E /* LaunchScreen.storyboard in Resources */ = {isa = PBXBuildFile; fileRef = EE2A58FB1F829DE600C9134E /* LaunchScreen.storyboard */; };
		EED6E3181F82BB4A00E40E18 /* TestDisplayViewController.swift in Sources */ = {isa = PBXBuildFile; fileRef = EED6E3171F82BB4A00E40E18 /* TestDisplayViewController.swift */; };
		EEF637351F82EA5A0074F0B1 /* TestViewController.swift in Sources */ = {isa = PBXBuildFile; fileRef = EEF637341F82EA5A0074F0B1 /* TestViewController.swift */; };
/* End PBXBuildFile section */

/* Begin PBXFileReference section */
		EE2A58EC1F829DE600C9134E /* TrackMe.app */ = {isa = PBXFileReference; explicitFileType = wrapper.application; includeInIndex = 0; path = TrackMe.app; sourceTree = BUILT_PRODUCTS_DIR; };
		EE2A58EF1F829DE600C9134E /* AppDelegate.swift */ = {isa = PBXFileReference; lastKnownFileType = sourcecode.swift; path = AppDelegate.swift; sourceTree = "<group>"; };
		EE2A58F11F829DE600C9134E /* HomeViewController.swift */ = {isa = PBXFileReference; lastKnownFileType = sourcecode.swift; path = HomeViewController.swift; sourceTree = "<group>"; };
		EE2A58F41F829DE600C9134E /* Base */ = {isa = PBXFileReference; lastKnownFileType = file.storyboard; name = Base; path = Base.lproj/Main.storyboard; sourceTree = "<group>"; };
		EE2A58F71F829DE600C9134E /* TrackMe.xcdatamodel */ = {isa = PBXFileReference; lastKnownFileType = wrapper.xcdatamodel; path = TrackMe.xcdatamodel; sourceTree = "<group>"; };
		EE2A58F91F829DE600C9134E /* Assets.xcassets */ = {isa = PBXFileReference; lastKnownFileType = folder.assetcatalog; path = Assets.xcassets; sourceTree = "<group>"; };
		EE2A58FC1F829DE600C9134E /* Base */ = {isa = PBXFileReference; lastKnownFileType = file.storyboard; name = Base; path = Base.lproj/LaunchScreen.storyboard; sourceTree = "<group>"; };
		EE2A58FE1F829DE600C9134E /* Info.plist */ = {isa = PBXFileReference; lastKnownFileType = text.plist.xml; path = Info.plist; sourceTree = "<group>"; };
		EED6E3171F82BB4A00E40E18 /* TestDisplayViewController.swift */ = {isa = PBXFileReference; lastKnownFileType = sourcecode.swift; path = TestDisplayViewController.swift; sourceTree = "<group>"; };
		EEF637341F82EA5A0074F0B1 /* TestViewController.swift */ = {isa = PBXFileReference; lastKnownFileType = sourcecode.swift; path = TestViewController.swift; sourceTree = "<group>"; };
/* End PBXFileReference section */

/* Begin PBXFrameworksBuildPhase section */
		EE2A58E91F829DE600C9134E /* Frameworks */ = {
			isa = PBXFrameworksBuildPhase;
			buildActionMask = 2147483647;
			files = (
			);
			runOnlyForDeploymentPostprocessing = 0;
		};
/* End PBXFrameworksBuildPhase section */

/* Begin PBXGroup section */
		EE2A58E31F829DE600C9134E = {
			isa = PBXGroup;
			children = (
				EE2A58EE1F829DE600C9134E /* TrackMe */,
				EE2A58ED1F829DE600C9134E /* Products */,
			);
			sourceTree = "<group>";
		};
		EE2A58ED1F829DE600C9134E /* Products */ = {
			isa = PBXGroup;
			children = (
				EE2A58EC1F829DE600C9134E /* TrackMe.app */,
			);
			name = Products;
			sourceTree = "<group>";
		};
		EE2A58EE1F829DE600C9134E /* TrackMe */ = {
			isa = PBXGroup;
			children = (
				EE2A58EF1F829DE600C9134E /* AppDelegate.swift */,
				EE2A58F11F829DE600C9134E /* HomeViewController.swift */,
				EE2A58F31F829DE600C9134E /* Main.storyboard */,
				EEF637341F82EA5A0074F0B1 /* TestViewController.swift */,
				EED6E3171F82BB4A00E40E18 /* TestDisplayViewController.swift */,
				EE2A58F91F829DE600C9134E /* Assets.xcassets */,
				EE2A58FB1F829DE600C9134E /* LaunchScreen.storyboard */,
				EE2A58FE1F829DE600C9134E /* Info.plist */,
				EE2A58F61F829DE600C9134E /* TrackMe.xcdatamodeld */,
			);
			path = TrackMe;
			sourceTree = "<group>";
		};
/* End PBXGroup section */

/* Begin PBXNativeTarget section */
		EE2A58EB1F829DE600C9134E /* TrackMe */ = {
			isa = PBXNativeTarget;
			buildConfigurationList = EE2A59011F829DE600C9134E /* Build configuration list for PBXNativeTarget "TrackMe" */;
			buildPhases = (
				EE2A58E81F829DE600C9134E /* Sources */,
				EE2A58E91F829DE600C9134E /* Frameworks */,
				EE2A58EA1F829DE600C9134E /* Resources */,
			);
			buildRules = (
			);
			dependencies = (
			);
			name = TrackMe;
			productName = TrackMe;
			productReference = EE2A58EC1F829DE600C9134E /* TrackMe.app */;
			productType = "com.apple.product-type.application";
		};
/* End PBXNativeTarget section */

/* Begin PBXProject section */
		EE2A58E41F829DE600C9134E /* Project object */ = {
			isa = PBXProject;
			attributes = {
				LastSwiftUpdateCheck = 0900;
				LastUpgradeCheck = 0900;
				ORGANIZATIONNAME = "Roger Villarreal";
				TargetAttributes = {
					EE2A58EB1F829DE600C9134E = {
						CreatedOnToolsVersion = 9.0;
						ProvisioningStyle = Automatic;
					};
				};
			};
			buildConfigurationList = EE2A58E71F829DE600C9134E /* Build configuration list for PBXProject "TrackMe" */;
			compatibilityVersion = "Xcode 8.0";
			developmentRegion = en;
			hasScannedForEncodings = 0;
			knownRegions = (
				en,
				Base,
			);
			mainGroup = EE2A58E31F829DE600C9134E;
			productRefGroup = EE2A58ED1F829DE600C9134E /* Products */;
			projectDirPath = "";
			projectRoot = "";
			targets = (
				EE2A58EB1F829DE600C9134E /* TrackMe */,
			);
		};
/* End PBXProject section */

/* Begin PBXResourcesBuildPhase section */
		EE2A58EA1F829DE600C9134E /* Resources */ = {
			isa = PBXResourcesBuildPhase;
			buildActionMask = 2147483647;
			files = (
				EE2A58FD1F829DE600C9134E /* LaunchScreen.storyboard in Resources */,
				EE2A58FA1F829DE600C9134E /* Assets.xcassets in Resources */,
				EE2A58F51F829DE600C9134E /* Main.storyboard in Resources */,
			);
			runOnlyForDeploymentPostprocessing = 0;
		};
/* End PBXResourcesBuildPhase section */

/* Begin PBXSourcesBuildPhase section */
		EE2A58E81F829DE600C9134E /* Sources */ = {
			isa = PBXSourcesBuildPhase;
			buildActionMask = 2147483647;
			files = (
				EED6E3181F82BB4A00E40E18 /* TestDisplayViewController.swift in Sources */,
				EE2A58F21F829DE600C9134E /* HomeViewController.swift in Sources */,
				EE2A58F81F829DE600C9134E /* TrackMe.xcdatamodeld in Sources */,
				EEF637351F82EA5A0074F0B1 /* TestViewController.swift in Sources */,
				EE2A58F01F829DE600C9134E /* AppDelegate.swift in Sources */,
			);
			runOnlyForDeploymentPostprocessing = 0;
		};
/* End PBXSourcesBuildPhase section */

/* Begin PBXVariantGroup section */
		EE2A58F31F829DE600C9134E /* Main.storyboard */ = {
			isa = PBXVariantGroup;
			children = (
				EE2A58F41F829DE600C9134E /* Base */,
			);
			name = Main.storyboard;
			sourceTree = "<group>";
		};
		EE2A58FB1F829DE600C9134E /* LaunchScreen.storyboard */ = {
			isa = PBXVariantGroup;
			children = (
				EE2A58FC1F829DE600C9134E /* Base */,
			);
			name = LaunchScreen.storyboard;
			sourceTree = "<group>";
		};
/* End PBXVariantGroup section */

/* Begin XCBuildConfiguration section */
		EE2A58FF1F829DE600C9134E /* Debug */ = {
			isa = XCBuildConfiguration;
			buildSettings = {
				ALWAYS_SEARCH_USER_PATHS = NO;
				CLANG_ANALYZER_NONNULL = YES;
				CLANG_ANALYZER_NUMBER_OBJECT_CONVERSION = YES_AGGRESSIVE;
				CLANG_CXX_LANGUAGE_STANDARD = "gnu++14";
				CLANG_CXX_LIBRARY = "libc++";
				CLANG_ENABLE_MODULES = YES;
				CLANG_ENABLE_OBJC_ARC = YES;
				CLANG_WARN_BLOCK_CAPTURE_AUTORELEASING = YES;
				CLANG_WARN_BOOL_CONVERSION = YES;
				CLANG_WARN_COMMA = YES;
				CLANG_WARN_CONSTANT_CONVERSION = YES;
				CLANG_WARN_DIRECT_OBJC_ISA_USAGE = YES_ERROR;
				CLANG_WARN_DOCUMENTATION_COMMENTS = YES;
				CLANG_WARN_EMPTY_BODY = YES;
				CLANG_WARN_ENUM_CONVERSION = YES;
				CLANG_WARN_INFINITE_RECURSION = YES;
				CLANG_WARN_INT_CONVERSION = YES;
				CLANG_WARN_NON_LITERAL_NULL_CONVERSION = YES;
				CLANG_WARN_OBJC_LITERAL_CONVERSION = YES;
				CLANG_WARN_OBJC_ROOT_CLASS = YES_ERROR;
				CLANG_WARN_RANGE_LOOP_ANALYSIS = YES;
				CLANG_WARN_STRICT_PROTOTYPES = YES;
				CLANG_WARN_SUSPICIOUS_MOVE = YES;
				CLANG_WARN_UNGUARDED_AVAILABILITY = YES_AGGRESSIVE;
				CLANG_WARN_UNREACHABLE_CODE = YES;
				CLANG_WARN__DUPLICATE_METHOD_MATCH = YES;
				CODE_SIGN_IDENTITY = "iPhone Developer";
				COPY_PHASE_STRIP = NO;
				DEBUG_INFORMATION_FORMAT = dwarf;
				ENABLE_STRICT_OBJC_MSGSEND = YES;
				ENABLE_TESTABILITY = YES;
				GCC_C_LANGUAGE_STANDARD = gnu11;
				GCC_DYNAMIC_NO_PIC = NO;
				GCC_NO_COMMON_BLOCKS = YES;
				GCC_OPTIMIZATION_LEVEL = 0;
				GCC_PREPROCESSOR_DEFINITIONS = (
					"DEBUG=1",
					"$(inherited)",
				);
				GCC_WARN_64_TO_32_BIT_CONVERSION = YES;
				GCC_WARN_ABOUT_RETURN_TYPE = YES_ERROR;
				GCC_WARN_UNDECLARED_SELECTOR = YES;
				GCC_WARN_UNINITIALIZED_AUTOS = YES_AGGRESSIVE;
				GCC_WARN_UNUSED_FUNCTION = YES;
				GCC_WARN_UNUSED_VARIABLE = YES;
				IPHONEOS_DEPLOYMENT_TARGET = 11.0;
				MTL_ENABLE_DEBUG_INFO = YES;
				ONLY_ACTIVE_ARCH = YES;
				SDKROOT = iphoneos;
				SWIFT_ACTIVE_COMPILATION_CONDITIONS = DEBUG;
				SWIFT_OPTIMIZATION_LEVEL = "-Onone";
			};
			name = Debug;
		};
		EE2A59001F829DE600C9134E /* Release */ = {
			isa = XCBuildConfiguration;
			buildSettings = {
				ALWAYS_SEARCH_USER_PATHS = NO;
				CLANG_ANALYZER_NONNULL = YES;
				CLANG_ANALYZER_NUMBER_OBJECT_CONVERSION = YES_AGGRESSIVE;
				CLANG_CXX_LANGUAGE_STANDARD = "gnu++14";
				CLANG_CXX_LIBRARY = "libc++";
				CLANG_ENABLE_MODULES = YES;
				CLANG_ENABLE_OBJC_ARC = YES;
				CLANG_WARN_BLOCK_CAPTURE_AUTORELEASING = YES;
				CLANG_WARN_BOOL_CONVERSION = YES;
				CLANG_WARN_COMMA = YES;
				CLANG_WARN_CONSTANT_CONVERSION = YES;
				CLANG_WARN_DIRECT_OBJC_ISA_USAGE = YES_ERROR;
				CLANG_WARN_DOCUMENTATION_COMMENTS = YES;
				CLANG_WARN_EMPTY_BODY = YES;
				CLANG_WARN_ENUM_CONVERSION = YES;
				CLANG_WARN_INFINITE_RECURSION = YES;
				CLANG_WARN_INT_CONVERSION = YES;
				CLANG_WARN_NON_LITERAL_NULL_CONVERSION = YES;
				CLANG_WARN_OBJC_LITERAL_CONVERSION = YES;
				CLANG_WARN_OBJC_ROOT_CLASS = YES_ERROR;
				CLANG_WARN_RANGE_LOOP_ANALYSIS = YES;
				CLANG_WARN_STRICT_PROTOTYPES = YES;
				CLANG_WARN_SUSPICIOUS_MOVE = YES;
				CLANG_WARN_UNGUARDED_AVAILABILITY = YES_AGGRESSIVE;
				CLANG_WARN_UNREACHABLE_CODE = YES;
				CLANG_WARN__DUPLICATE_METHOD_MATCH = YES;
				CODE_SIGN_IDENTITY = "iPhone Developer";
				COPY_PHASE_STRIP = NO;
				DEBUG_INFORMATION_FORMAT = "dwarf-with-dsym";
				ENABLE_NS_ASSERTIONS = NO;
				ENABLE_STRICT_OBJC_MSGSEND = YES;
				GCC_C_LANGUAGE_STANDARD = gnu11;
				GCC_NO_COMMON_BLOCKS = YES;
				GCC_WARN_64_TO_32_BIT_CONVERSION = YES;
				GCC_WARN_ABOUT_RETURN_TYPE = YES_ERROR;
				GCC_WARN_UNDECLARED_SELECTOR = YES;
				GCC_WARN_UNINITIALIZED_AUTOS = YES_AGGRESSIVE;
				GCC_WARN_UNUSED_FUNCTION = YES;
				GCC_WARN_UNUSED_VARIABLE = YES;
				IPHONEOS_DEPLOYMENT_TARGET = 11.0;
				MTL_ENABLE_DEBUG_INFO = NO;
				SDKROOT = iphoneos;
				SWIFT_OPTIMIZATION_LEVEL = "-Owholemodule";
				VALIDATE_PRODUCT = YES;
			};
			name = Release;
		};
		EE2A59021F829DE600C9134E /* Debug */ = {
			isa = XCBuildConfiguration;
			buildSettings = {
				ASSETCATALOG_COMPILER_APPICON_NAME = AppIcon;
				CODE_SIGN_STYLE = Automatic;
				DEVELOPMENT_TEAM = B6H462SWUW;
				INFOPLIST_FILE = TrackMe/Info.plist;
				LD_RUNPATH_SEARCH_PATHS = "$(inherited) @executable_path/Frameworks";
				PRODUCT_BUNDLE_IDENTIFIER = com.example.TrackMe;
				PRODUCT_NAME = "$(TARGET_NAME)";
				SWIFT_VERSION = 4.0;
				TARGETED_DEVICE_FAMILY = "1,2";
			};
			name = Debug;
		};
		EE2A59031F829DE600C9134E /* Release */ = {
			isa = XCBuildConfiguration;
			buildSettings = {
				ASSETCATALOG_COMPILER_APPICON_NAME = AppIcon;
				CODE_SIGN_STYLE = Automatic;
				DEVELOPMENT_TEAM = B6H462SWUW;
				INFOPLIST_FILE = TrackMe/Info.plist;
				LD_RUNPATH_SEARCH_PATHS = "$(inherited) @executable_path/Frameworks";
				PRODUCT_BUNDLE_IDENTIFIER = com.example.TrackMe;
				PRODUCT_NAME = "$(TARGET_NAME)";
				SWIFT_VERSION = 4.0;
				TARGETED_DEVICE_FAMILY = "1,2";
			};
			name = Release;
		};
/* End XCBuildConfiguration section */

/* Begin XCConfigurationList section */
		EE2A58E71F829DE600C9134E /* Build configuration list for PBXProject "TrackMe" */ = {
			isa = XCConfigurationList;
			buildConfigurations = (
				EE2A58FF1F829DE600C9134E /* Debug */,
				EE2A59001F829DE600C9134E /* Release */,
			);
			defaultConfigurationIsVisible = 0;
			defaultConfigurationName = Release;
		};
		EE2A59011F829DE600C9134E /* Build configuration list for PBXNativeTarget "TrackMe" */ = {
			isa = XCConfigurationList;
			buildConfigurations = (
				EE2A59021F829DE600C9134E /* Debug */,
				EE2A59031F829DE600C9134E /* Release */,
			);
			defaultConfigurationIsVisible = 0;
			defaultConfigurationName = Release;
		};
/* End XCConfigurationList section */

/* Begin XCVersionGroup section */
		EE2A58F61F829DE600C9134E /* TrackMe.xcdatamodeld */ = {
			isa = XCVersionGroup;
			children = (
				EE2A58F71F829DE600C9134E /* TrackMe.xcdatamodel */,
			);
			currentVersion = EE2A58F71F829DE600C9134E /* TrackMe.xcdatamodel */;
			path = TrackMe.xcdatamodeld;
			sourceTree = "<group>";
			versionGroupType = wrapper.xcdatamodel;
		};
/* End XCVersionGroup section */
	};
	rootObject = EE2A58E41F829DE600C9134E /* Project object */;
}
